
Microsoft Visual Studio Solution File, Format Version 12.00
# Visual Studio Version 17
VisualStudioVersion = 17.12.35527.113
MinimumVisualStudioVersion = 10.0.40219.1
Project("{2150E333-8FDC-42A3-9474-1A3956D46DE8}") = "Project.V3", "Project.V3", "{BA3F221B-E165-4B86-B6C1-48B73F01CE29}"
EndProject
Project("{FAE04EC0-301F-11D3-BF4B-00C04F79EFBC}") = "Tyuiu.SosninFM.Sprint7.Project.V3.Lib", "Tyuiu.SosninFM.Sprint7.Project.V3.Lib\Tyuiu.SosninFM.Sprint7.Project.V3.Lib.csproj", "{0A2F6244-D5E3-4ACE-BE3A-CAAFF0804684}"
EndProject
Project("{FAE04EC0-301F-11D3-BF4B-00C04F79EFBC}") = "Tyuiu.SosninFM.Sprint7.Project.V3.Test", "Tyuiu.SosninFM.Sprint7.Project.V3.Test\Tyuiu.SosninFM.Sprint7.Project.V3.Test.csproj", "{70C995D9-1869-4203-BCFD-3F74CF8E2BAD}"
EndProject
Project("{FAE04EC0-301F-11D3-BF4B-00C04F79EFBC}") = "Tyuiu.SosninFM.Sprint7.Project.V3", "Tyuiu.SosninFM.Sprint7.Project.V3\Tyuiu.SosninFM.Sprint7.Project.V3.csproj", "{B866D331-984A-442D-BC75-A06CFB386356}"
EndProject
Global
	GlobalSection(SolutionConfigurationPlatforms) = preSolution
		Debug|Any CPU = Debug|Any CPU
		Release|Any CPU = Release|Any CPU
	EndGlobalSection
	GlobalSection(ProjectConfigurationPlatforms) = postSolution
		{0A2F6244-D5E3-4ACE-BE3A-CAAFF0804684}.Debug|Any CPU.ActiveCfg = Debug|Any CPU
		{0A2F6244-D5E3-4ACE-BE3A-CAAFF0804684}.Debug|Any CPU.Build.0 = Debug|Any CPU
		{0A2F6244-D5E3-4ACE-BE3A-CAAFF0804684}.Release|Any CPU.ActiveCfg = Release|Any CPU
		{0A2F6244-D5E3-4ACE-BE3A-CAAFF0804684}.Release|Any CPU.Build.0 = Release|Any CPU
		{70C995D9-1869-4203-BCFD-3F74CF8E2BAD}.Debug|Any CPU.ActiveCfg = Debug|Any CPU
		{70C995D9-1869-4203-BCFD-3F74CF8E2BAD}.Debug|Any CPU.Build.0 = Debug|Any CPU
		{70C995D9-1869-4203-BCFD-3F74CF8E2BAD}.Release|Any CPU.ActiveCfg = Release|Any CPU
		{70C995D9-1869-4203-BCFD-3F74CF8E2BAD}.Release|Any CPU.Build.0 = Release|Any CPU
		{B866D331-984A-442D-BC75-A06CFB386356}.Debug|Any CPU.ActiveCfg = Debug|Any CPU
		{B866D331-984A-442D-BC75-A06CFB386356}.Debug|Any CPU.Build.0 = Debug|Any CPU
		{B866D331-984A-442D-BC75-A06CFB386356}.Release|Any CPU.ActiveCfg = Release|Any CPU
		{B866D331-984A-442D-BC75-A06CFB386356}.Release|Any CPU.Build.0 = Release|Any CPU
	EndGlobalSection
	GlobalSection(SolutionProperties) = preSolution
		HideSolutionNode = FALSE
	EndGlobalSection
	GlobalSection(NestedProjects) = preSolution
		{0A2F6244-D5E3-4ACE-BE3A-CAAFF0804684} = {BA3F221B-E165-4B86-B6C1-48B73F01CE29}
		{70C995D9-1869-4203-BCFD-3F74CF8E2BAD} = {BA3F221B-E165-4B86-B6C1-48B73F01CE29}
		{B866D331-984A-442D-BC75-A06CFB386356} = {BA3F221B-E165-4B86-B6C1-48B73F01CE29}
	EndGlobalSection
EndGlobal
